
Microsoft Visual Studio Solution File, Format Version 12.00
# Visual Studio Version 16
VisualStudioVersion = 16.0.30517.126
MinimumVisualStudioVersion = 10.0.40219.1
Project("{FAE04EC0-301F-11D3-BF4B-00C04F79EFBC}") = "Practica_Tema2_Interfaces", "Practica_Tema2_Interfaces.csproj", "{29C33CD0-8E06-4DEF-A0AB-FB96F1F51D7C}"
EndProject
Global
	GlobalSection(SolutionConfigurationPlatforms) = preSolution
		Debug|Any CPU = Debug|Any CPU
		Release|Any CPU = Release|Any CPU
	EndGlobalSection
	GlobalSection(ProjectConfigurationPlatforms) = postSolution
		{29C33CD0-8E06-4DEF-A0AB-FB96F1F51D7C}.Debug|Any CPU.ActiveCfg = Debug|Any CPU
		{29C33CD0-8E06-4DEF-A0AB-FB96F1F51D7C}.Debug|Any CPU.Build.0 = Debug|Any CPU
		{29C33CD0-8E06-4DEF-A0AB-FB96F1F51D7C}.Release|Any CPU.ActiveCfg = Release|Any CPU
		{29C33CD0-8E06-4DEF-A0AB-FB96F1F51D7C}.Release|Any CPU.Build.0 = Release|Any CPU
	EndGlobalSection
	GlobalSection(SolutionProperties) = preSolution
		HideSolutionNode = FALSE
	EndGlobalSection
	GlobalSection(ExtensibilityGlobals) = postSolution
		SolutionGuid = {68F32B58-C9F5-4862-9015-8A95DB2C29FF}
	EndGlobalSection
EndGlobal
